// !$*UTF8*$!
{
	archiveVersion = 1;
	classes = {
	};
	objectVersion = 56;
	objects = {

/* Begin PBXBuildFile section */
		300000000000000000000001 /* AppDelegate.swift in Sources */ = {isa = PBXBuildFile; fileRef = 200000000000000000000001 /* AppDelegate.swift */; };
		300000000000000000000002 /* SceneDelegate.swift in Sources */ = {isa = PBXBuildFile; fileRef = 200000000000000000000002 /* SceneDelegate.swift */; };
		300000000000000000000003 /* ViewController.swift in Sources */ = {isa = PBXBuildFile; fileRef = 200000000000000000000003 /* ViewController.swift */; };
		300000000000000000000011 /* BrowserState.swift in Sources */ = {isa = PBXBuildFile; fileRef = 200000000000000000000011 /* BrowserState.swift */; };
		300000000000000000000012 /* BrowserLogger.swift in Sources */ = {isa = PBXBuildFile; fileRef = 200000000000000000000012 /* BrowserLogger.swift */; };
		300000000000000000000013 /* BrowserNavigationDelegate.swift in Sources */ = {isa = PBXBuildFile; fileRef = 200000000000000000000013 /* BrowserNavigationDelegate.swift */; };
		300000000000000000000014 /* BrowserUIDelegate.swift in Sources */ = {isa = PBXBuildFile; fileRef = 200000000000000000000014 /* BrowserUIDelegate.swift */; };
		300000000000000000000015 /* NativeBrowser.swift in Sources */ = {isa = PBXBuildFile; fileRef = 200000000000000000000015 /* NativeBrowser.swift */; };
		300000000000000000000016 /* BrowserDownload.swift in Sources */ = {isa = PBXBuildFile; fileRef = 200000000000000000000016 /* BrowserDownload.swift */; };
		300000000000000000000017 /* BrowserDownloadManager.swift in Sources */ = {isa = PBXBuildFile; fileRef = 200000000000000000000017 /* BrowserDownloadManager.swift */; };
		300000000000000000000018 /* BrowserTab.swift in Sources */ = {isa = PBXBuildFile; fileRef = 200000000000000000000018 /* BrowserTab.swift */; };
		300000000000000000000019 /* BrowserTabManager.swift in Sources */ = {isa = PBXBuildFile; fileRef = 200000000000000000000019 /* BrowserTabManager.swift */; };
		300000000000000000000020 /* WebFixturesProvider.swift in Sources */ = {isa = PBXBuildFile; fileRef = 200000000000000000000020 /* WebFixturesProvider.swift */; };
		300000000000000000000021 /* TestHarnessEngine.swift in Sources */ = {isa = PBXBuildFile; fileRef = 200000000000000000000021 /* TestHarnessEngine.swift */; };
		300000000000000000000022 /* EmbeddedHttpServer.swift in Sources */ = {isa = PBXBuildFile; fileRef = 200000000000000000000022 /* EmbeddedHttpServer.swift */; };
/* End PBXBuildFile section */

/* Begin PBXFileReference section */
		200000000000000000000001 /* AppDelegate.swift */ = {isa = PBXFileReference; lastKnownFileType = sourcecode.swift; path = AppDelegate.swift; sourceTree = "<group>"; };
		200000000000000000000002 /* SceneDelegate.swift */ = {isa = PBXFileReference; lastKnownFileType = sourcecode.swift; path = SceneDelegate.swift; sourceTree = "<group>"; };
		200000000000000000000003 /* ViewController.swift */ = {isa = PBXFileReference; lastKnownFileType = sourcecode.swift; path = ViewController.swift; sourceTree = "<group>"; };
		200000000000000000000004 /* Info.plist */ = {isa = PBXFileReference; lastKnownFileType = text.plist.xml; path = Info.plist; sourceTree = "<group>"; };
		200000000000000000000005 /* NativeWKWebViewTest.app */ = {isa = PBXFileReference; explicitFileType = wrapper.application; includeInIndex = 0; path = NativeWKWebViewTest.app; sourceTree = BUILT_PRODUCTS_DIR; };
		200000000000000000000011 /* BrowserState.swift */ = {isa = PBXFileReference; lastKnownFileType = sourcecode.swift; path = BrowserState.swift; sourceTree = "<group>"; };
		200000000000000000000012 /* BrowserLogger.swift */ = {isa = PBXFileReference; lastKnownFileType = sourcecode.swift; path = BrowserLogger.swift; sourceTree = "<group>"; };
		200000000000000000000013 /* BrowserNavigationDelegate.swift */ = {isa = PBXFileReference; lastKnownFileType = sourcecode.swift; path = BrowserNavigationDelegate.swift; sourceTree = "<group>"; };
		200000000000000000000014 /* BrowserUIDelegate.swift */ = {isa = PBXFileReference; lastKnownFileType = sourcecode.swift; path = BrowserUIDelegate.swift; sourceTree = "<group>"; };
		200000000000000000000015 /* NativeBrowser.swift */ = {isa = PBXFileReference; lastKnownFileType = sourcecode.swift; path = NativeBrowser.swift; sourceTree = "<group>"; };
		200000000000000000000016 /* BrowserDownload.swift */ = {isa = PBXFileReference; lastKnownFileType = sourcecode.swift; path = BrowserDownload.swift; sourceTree = "<group>"; };
		200000000000000000000017 /* BrowserDownloadManager.swift */ = {isa = PBXFileReference; lastKnownFileType = sourcecode.swift; path = BrowserDownloadManager.swift; sourceTree = "<group>"; };
		200000000000000000000018 /* BrowserTab.swift */ = {isa = PBXFileReference; lastKnownFileType = sourcecode.swift; path = BrowserTab.swift; sourceTree = "<group>"; };
		200000000000000000000019 /* BrowserTabManager.swift */ = {isa = PBXFileReference; lastKnownFileType = sourcecode.swift; path = BrowserTabManager.swift; sourceTree = "<group>"; };
		200000000000000000000020 /* WebFixturesProvider.swift */ = {isa = PBXFileReference; lastKnownFileType = sourcecode.swift; path = WebFixturesProvider.swift; sourceTree = "<group>"; };
		200000000000000000000021 /* TestHarnessEngine.swift */ = {isa = PBXFileReference; lastKnownFileType = sourcecode.swift; path = TestHarnessEngine.swift; sourceTree = "<group>"; };
		200000000000000000000022 /* EmbeddedHttpServer.swift */ = {isa = PBXFileReference; lastKnownFileType = sourcecode.swift; path = EmbeddedHttpServer.swift; sourceTree = "<group>"; };
/* End PBXFileReference section */

/* Begin PBXFrameworksBuildPhase section */
		10000000000000000000000A /* Frameworks */ = {
			isa = PBXFrameworksBuildPhase;
			buildActionMask = 2147483647;
			files = (
			);
			runOnlyForDeploymentPostprocessing = 0;
		};
/* End PBXFrameworksBuildPhase section */

/* Begin PBXGroup section */
		400000000000000000000001 = {
			isa = PBXGroup;
			children = (
				400000000000000000000002 /* NativeWKWebViewTest */,
				400000000000000000000003 /* Products */,
			);
			sourceTree = "<group>";
		};
		400000000000000000000002 /* NativeWKWebViewTest */ = {
			isa = PBXGroup;
			children = (
				400000000000000000000010 /* Browser */,
				400000000000000000000020 /* Tests */,
				200000000000000000000001 /* AppDelegate.swift */,
				200000000000000000000002 /* SceneDelegate.swift */,
				200000000000000000000003 /* ViewController.swift */,
				200000000000000000000004 /* Info.plist */,
			);
			path = NativeWKWebViewTest;
			sourceTree = "<group>";
		};
		400000000000000000000020 /* Tests */ = {
			isa = PBXGroup;
			children = (
				200000000000000000000020 /* WebFixturesProvider.swift */,
				200000000000000000000021 /* TestHarnessEngine.swift */,
				200000000000000000000022 /* EmbeddedHttpServer.swift */,
			);
			path = Tests;
			sourceTree = "<group>";
		};
		400000000000000000000010 /* Browser */ = {
			isa = PBXGroup;
			children = (
				200000000000000000000011 /* BrowserState.swift */,
				200000000000000000000012 /* BrowserLogger.swift */,
				200000000000000000000013 /* BrowserNavigationDelegate.swift */,
				200000000000000000000014 /* BrowserUIDelegate.swift */,
				200000000000000000000015 /* NativeBrowser.swift */,
				200000000000000000000016 /* BrowserDownload.swift */,
				200000000000000000000017 /* BrowserDownloadManager.swift */,
				200000000000000000000018 /* BrowserTab.swift */,
				200000000000000000000019 /* BrowserTabManager.swift */,
			);
			path = Browser;
			sourceTree = "<group>";
		};
		400000000000000000000003 /* Products */ = {
			isa = PBXGroup;
			children = (
				200000000000000000000005 /* NativeWKWebViewTest.app */,
			);
			name = Products;
			sourceTree = "<group>";
		};
/* End PBXGroup section */

/* Begin PBXNativeTarget section */
		100000000000000000000002 /* NativeWKWebViewTest */ = {
			isa = PBXNativeTarget;
			buildConfigurationList = 100000000000000000000004 /* Build configuration list for PBXNativeTarget "NativeWKWebViewTest" */;
			buildPhases = (
				100000000000000000000009 /* Sources */,
				10000000000000000000000A /* Frameworks */,
				10000000000000000000000B /* Resources */,
			);
			buildRules = (
			);
			dependencies = (
			);
			name = NativeWKWebViewTest;
			productName = NativeWKWebViewTest;
			productReference = 200000000000000000000005 /* NativeWKWebViewTest.app */;
			productType = "com.apple.product-type.application";
		};
/* End PBXNativeTarget section */

/* Begin PBXProject section */
		100000000000000000000001 /* Project object */ = {
			isa = PBXProject;
			attributes = {
				BuildIndependentTargetsInParallel = 1;
				LastSwiftUpdateCheck = 1500;
				LastUpgradeCheck = 1500;
				TargetAttributes = {
					100000000000000000000002 = {
						CreatedOnToolsVersion = 15.0;
					};
				};
			};
			buildConfigurationList = 100000000000000000000003 /* Build configuration list for PBXProject "NativeWKWebViewTest" */;
			compatibilityVersion = "Xcode 14.0";
			developmentRegion = en;
			hasScannedForEncodings = 0;
			knownRegions = (
				en,
				Base,
			);
			mainGroup = 400000000000000000000001;
			productRefGroup = 400000000000000000000003 /* Products */;
			projectDirPath = "";
			projectRoot = "";
			targets = (
				100000000000000000000002 /* NativeWKWebViewTest */,
			);
		};
/* End PBXProject section */

/* Begin PBXResourcesBuildPhase section */
		10000000000000000000000B /* Resources */ = {
			isa = PBXResourcesBuildPhase;
			buildActionMask = 2147483647;
			files = (
			);
			runOnlyForDeploymentPostprocessing = 0;
		};
/* End PBXResourcesBuildPhase section */

/* Begin PBXSourcesBuildPhase section */
		100000000000000000000009 /* Sources */ = {
			isa = PBXSourcesBuildPhase;
			buildActionMask = 2147483647;
			files = (
				300000000000000000000001 /* AppDelegate.swift in Sources */,
				300000000000000000000002 /* SceneDelegate.swift in Sources */,
				300000000000000000000003 /* ViewController.swift in Sources */,
				300000000000000000000011 /* BrowserState.swift in Sources */,
				300000000000000000000012 /* BrowserLogger.swift in Sources */,
				300000000000000000000013 /* BrowserNavigationDelegate.swift in Sources */,
				300000000000000000000014 /* BrowserUIDelegate.swift in Sources */,
				300000000000000000000015 /* NativeBrowser.swift in Sources */,
				300000000000000000000016 /* BrowserDownload.swift in Sources */,
				300000000000000000000017 /* BrowserDownloadManager.swift in Sources */,
				300000000000000000000018 /* BrowserTab.swift in Sources */,
				300000000000000000000019 /* BrowserTabManager.swift in Sources */,
				300000000000000000000020 /* WebFixturesProvider.swift in Sources */,
				300000000000000000000021 /* TestHarnessEngine.swift in Sources */,
				300000000000000000000022 /* EmbeddedHttpServer.swift in Sources */,
			);
			runOnlyForDeploymentPostprocessing = 0;
		};
/* End PBXSourcesBuildPhase section */

/* Begin XCBuildConfiguration section */
		100000000000000000000005 /* Debug */ = {
			isa = XCBuildConfiguration;
			buildSettings = {
				ALWAYS_SEARCH_USER_PATHS = NO;
				CLANG_ANALYZER_NONNULL = YES;
				CLANG_CXX_LANGUAGE_STANDARD = "gnu++20";
				CLANG_ENABLE_MODULES = YES;
				CLANG_ENABLE_OBJC_ARC = YES;
				COPY_PHASE_STRIP = NO;
				DEBUG_INFORMATION_FORMAT = dwarf;
				ENABLE_STRICT_OBJC_MSGSEND = YES;
				ENABLE_TESTABILITY = YES;
				GCC_DYNAMIC_NO_PIC = NO;
				GCC_NO_COMMON_BLOCKS = YES;
				GCC_OPTIMIZATION_LEVEL = 0;
				GCC_PREPROCESSOR_DEFINITIONS = (
					"DEBUG=1",
					"$(inherited)",
				);
				GCC_WARN_64_TO_32_BIT_CONVERSION = YES;
				GCC_WARN_ABOUT_RETURN_TYPE = YES_ERROR;
				GCC_WARN_UNDECLARED_SELECTOR = YES;
				GCC_WARN_UNINITIALIZED_AUTOS = YES_AGGRESSIVE;
				GCC_WARN_UNUSED_FUNCTION = YES;
				GCC_WARN_UNUSED_VARIABLE = YES;
				IPHONEOS_DEPLOYMENT_TARGET = 15.0;
				MTL_ENABLE_DEBUG_INFO = INCLUDE_SOURCE;
				MTL_FAST_MATH = YES;
				ONLY_ACTIVE_ARCH = YES;
				SDKROOT = iphoneos;
				SWIFT_ACTIVE_COMPILATION_CONDITIONS = DEBUG;
				SWIFT_OPTIMIZATION_LEVEL = "-Onone";
			};
			name = Debug;
		};
		100000000000000000000006 /* Release */ = {
			isa = XCBuildConfiguration;
			buildSettings = {
				ALWAYS_SEARCH_USER_PATHS = NO;
				CLANG_ANALYZER_NONNULL = YES;
				CLANG_CXX_LANGUAGE_STANDARD = "gnu++20";
				CLANG_ENABLE_MODULES = YES;
				CLANG_ENABLE_OBJC_ARC = YES;
				COPY_PHASE_STRIP = NO;
				DEBUG_INFORMATION_FORMAT = "dwarf-with-dsym";
				ENABLE_NS_ASSERTIONS = NO;
				ENABLE_STRICT_OBJC_MSGSEND = YES;
				GCC_NO_COMMON_BLOCKS = YES;
				GCC_WARN_64_TO_32_BIT_CONVERSION = YES;
				GCC_WARN_ABOUT_RETURN_TYPE = YES_ERROR;
				GCC_WARN_UNDECLARED_SELECTOR = YES;
				GCC_WARN_UNINITIALIZED_AUTOS = YES_AGGRESSIVE;
				GCC_WARN_UNUSED_FUNCTION = YES;
				GCC_WARN_UNUSED_VARIABLE = YES;
				IPHONEOS_DEPLOYMENT_TARGET = 15.0;
				MTL_FAST_MATH = YES;
				SDKROOT = iphoneos;
				SWIFT_COMPILATION_MODE = wholemodule;
				SWIFT_OPTIMIZATION_LEVEL = "-O";
				VALIDATE_PRODUCT = YES;
			};
			name = Release;
		};
		100000000000000000000007 /* Debug */ = {
			isa = XCBuildConfiguration;
			buildSettings = {
				ASSETCATALOG_COMPILER_APPICON_NAME = AppIcon;
				CODE_SIGN_STYLE = Automatic;
				CURRENT_PROJECT_VERSION = 1;
				ENABLE_PREVIEWS = YES;
				GENERATE_INFOPLIST_FILE = NO;
				INFOPLIST_FILE = NativeWKWebViewTest/Info.plist;
				INFOPLIST_KEY_UIApplicationSupportsIndirectInputEvents = YES;
				INFOPLIST_KEY_UILaunchStoryboardName = LaunchScreen;
				LD_RUNPATH_SEARCH_PATHS = (
					"$(inherited)",
					"@executable_path/Frameworks",
				);
				MARKETING_VERSION = 1.0;
				PRODUCT_BUNDLE_IDENTIFIER = com.keremdogan.NativeWKWebViewTest;
				PRODUCT_NAME = "$(TARGET_NAME)";
				SWIFT_EMIT_LOC_STRINGS = YES;
				SWIFT_VERSION = 5.0;
				TARGETED_DEVICE_FAMILY = "1,2";
			};
			name = Debug;
		};
		100000000000000000000008 /* Release */ = {
			isa = XCBuildConfiguration;
			buildSettings = {
				ASSETCATALOG_COMPILER_APPICON_NAME = AppIcon;
				CODE_SIGN_STYLE = Automatic;
				CURRENT_PROJECT_VERSION = 1;
				ENABLE_PREVIEWS = YES;
				GENERATE_INFOPLIST_FILE = NO;
				INFOPLIST_FILE = NativeWKWebViewTest/Info.plist;
				INFOPLIST_KEY_UIApplicationSupportsIndirectInputEvents = YES;
				INFOPLIST_KEY_UILaunchStoryboardName = LaunchScreen;
				LD_RUNPATH_SEARCH_PATHS = (
					"$(inherited)",
					"@executable_path/Frameworks",
				);
				MARKETING_VERSION = 1.0;
				PRODUCT_BUNDLE_IDENTIFIER = com.keremdogan.NativeWKWebViewTest;
				PRODUCT_NAME = "$(TARGET_NAME)";
				SWIFT_EMIT_LOC_STRINGS = YES;
				SWIFT_VERSION = 5.0;
				TARGETED_DEVICE_FAMILY = "1,2";
			};
			name = Release;
		};
/* End XCBuildConfiguration section */

/* Begin XCConfigurationList section */
		100000000000000000000003 /* Build configuration list for PBXProject "NativeWKWebViewTest" */ = {
			isa = XCConfigurationList;
			buildConfigurations = (
				100000000000000000000005 /* Debug */,
				100000000000000000000006 /* Release */,
			);
			defaultConfigurationIsVisible = 0;
			defaultConfigurationName = Release;
		};
		100000000000000000000004 /* Build configuration list for PBXNativeTarget "NativeWKWebViewTest" */ = {
			isa = XCConfigurationList;
			buildConfigurations = (
				100000000000000000000007 /* Debug */,
				100000000000000000000008 /* Release */,
			);
			defaultConfigurationIsVisible = 0;
			defaultConfigurationName = Release;
		};
/* End XCConfigurationList section */

	};
	rootObject = 100000000000000000000001 /* Project object */;
}
